{
  "requires": true,
  "lockfileVersion": 1,
  "dependencies": {
    "vue": {
      "version": "2.6.10",
      "resolved": "http://r.cnpmjs.org/vue/download/vue-2.6.10.tgz",
      "integrity": "sha1-pysaQqTYKnIepDjRtr9V5mGVxjc="
    },
    "vue-totop": {
      "version": "1.0.3",
      "resolved": "http://r.cnpmjs.org/vue-totop/download/vue-totop-1.0.3.tgz",
      "integrity": "sha1-gnaF0gXetw+vVAt5VHLS13GMVo8=",
      "requires": {
        "vue": "^2.5.11"
      }
    }
  }
}
